
Microsoft Visual Studio Solution File, Format Version 12.00
Project("{FAE04EC0-301F-11D3-BF4B-00C04F79EFBC}") = "WarConflict", "WarConflict.csproj", "{EFBCF34A-4774-4A22-8E80-205E92780916}"
EndProject
Global
	GlobalSection(SolutionConfigurationPlatforms) = preSolution
		Debug|Any CPU = Debug|Any CPU
		Release|Any CPU = Release|Any CPU
	EndGlobalSection
	GlobalSection(ProjectConfigurationPlatforms) = postSolution
		{EFBCF34A-4774-4A22-8E80-205E92780916}.Debug|Any CPU.ActiveCfg = Debug|Any CPU
		{EFBCF34A-4774-4A22-8E80-205E92780916}.Debug|Any CPU.Build.0 = Debug|Any CPU
		{EFBCF34A-4774-4A22-8E80-205E92780916}.Release|Any CPU.ActiveCfg = Release|Any CPU
		{EFBCF34A-4774-4A22-8E80-205E92780916}.Release|Any CPU.Build.0 = Release|Any CPU
	EndGlobalSection
EndGlobal
